<?xml version="1.0" encoding="utf-8"?>
<Project ToolsVersion="16.0" xmlns="http://schemas.microsoft.com/developer/msbuild/2003">
  <ItemGroup>
    <ClCompile Include="C:\Users\user\Downloads\3_circlebounds_practice (2)\Source\Runtime\Math\Precompiled.cpp" />
    <ClCompile Include="C:\Users\user\Downloads\3_circlebounds_practice (2)\Source\Runtime\Math\Private\Circle.cpp">
      <Filter>Private</Filter>
    </ClCompile>
    <ClCompile Include="C:\Users\user\Downloads\3_circlebounds_practice (2)\Source\Runtime\Math\Private\Color32.cpp">
      <Filter>Private</Filter>
    </ClCompile>
    <ClCompile Include="C:\Users\user\Downloads\3_circlebounds_practice (2)\Source\Runtime\Math\Private\LinearColor.cpp">
      <Filter>Private</Filter>
    </ClCompile>
    <ClCompile Include="C:\Users\user\Downloads\3_circlebounds_practice (2)\Source\Runtime\Math\Private\Math.cpp">
      <Filter>Private</Filter>
    </ClCompile>
    <ClCompile Include="C:\Users\user\Downloads\3_circlebounds_practice (2)\Source\Runtime\Math\Private\Matrix2x2.cpp">
      <Filter>Private</Filter>
    </ClCompile>
    <ClCompile Include="C:\Users\user\Downloads\3_circlebounds_practice (2)\Source\Runtime\Math\Private\Matrix3x3.cpp">
      <Filter>Private</Filter>
    </ClCompile>
    <ClCompile Include="C:\Users\user\Downloads\3_circlebounds_practice (2)\Source\Runtime\Math\Private\Matrix4x4.cpp">
      <Filter>Private</Filter>
    </ClCompile>
    <ClCompile Include="C:\Users\user\Downloads\3_circlebounds_practice (2)\Source\Runtime\Math\Private\Rectangle.cpp">
      <Filter>Private</Filter>
    </ClCompile>
    <ClCompile Include="C:\Users\user\Downloads\3_circlebounds_practice (2)\Source\Runtime\Math\Private\Vector2.cpp">
      <Filter>Private</Filter>
    </ClCompile>
    <ClCompile Include="C:\Users\user\Downloads\3_circlebounds_practice (2)\Source\Runtime\Math\Private\Vector3.cpp">
      <Filter>Private</Filter>
    </ClCompile>
    <ClCompile Include="C:\Users\user\Downloads\3_circlebounds_practice (2)\Source\Runtime\Math\Private\Vector4.cpp">
      <Filter>Private</Filter>
    </ClCompile>
  </ItemGroup>
  <ItemGroup>
    <ClInclude Include="C:\Users\user\Downloads\3_circlebounds_practice (2)\Source\Runtime\Math\Precompiled.h" />
    <ClInclude Include="C:\Users\user\Downloads\3_circlebounds_practice (2)\Source\Runtime\Math\Public\Circle.h">
      <Filter>Public</Filter>
    </ClInclude>
    <ClInclude Include="C:\Users\user\Downloads\3_circlebounds_practice (2)\Source\Runtime\Math\Public\Color32.h">
      <Filter>Public</Filter>
    </ClInclude>
    <ClInclude Include="C:\Users\user\Downloads\3_circlebounds_practice (2)\Source\Runtime\Math\Public\CoreDefinition.h">
      <Filter>Public</Filter>
    </ClInclude>
    <ClInclude Include="C:\Users\user\Downloads\3_circlebounds_practice (2)\Source\Runtime\Math\Public\LinearColor.h">
      <Filter>Public</Filter>
    </ClInclude>
    <ClInclude Include="C:\Users\user\Downloads\3_circlebounds_practice (2)\Source\Runtime\Math\Public\MathHeaders.h">
      <Filter>Public</Filter>
    </ClInclude>
    <ClInclude Include="C:\Users\user\Downloads\3_circlebounds_practice (2)\Source\Runtime\Math\Public\MathUtil.h">
      <Filter>Public</Filter>
    </ClInclude>
    <ClInclude Include="C:\Users\user\Downloads\3_circlebounds_practice (2)\Source\Runtime\Math\Public\Matrix2x2.h">
      <Filter>Public</Filter>
    </ClInclude>
    <ClInclude Include="C:\Users\user\Downloads\3_circlebounds_practice (2)\Source\Runtime\Math\Public\Matrix3x3.h">
      <Filter>Public</Filter>
    </ClInclude>
    <ClInclude Include="C:\Users\user\Downloads\3_circlebounds_practice (2)\Source\Runtime\Math\Public\Matrix4x4.h">
      <Filter>Public</Filter>
    </ClInclude>
    <ClInclude Include="C:\Users\user\Downloads\3_circlebounds_practice (2)\Source\Runtime\Math\Public\Platform.h">
      <Filter>Public</Filter>
    </ClInclude>
    <ClInclude Include="C:\Users\user\Downloads\3_circlebounds_practice (2)\Source\Runtime\Math\Public\Rectangle.h">
      <Filter>Public</Filter>
    </ClInclude>
    <ClInclude Include="C:\Users\user\Downloads\3_circlebounds_practice (2)\Source\Runtime\Math\Public\ScreenPoint.h">
      <Filter>Public</Filter>
    </ClInclude>
    <ClInclude Include="C:\Users\user\Downloads\3_circlebounds_practice (2)\Source\Runtime\Math\Public\Vector2.h">
      <Filter>Public</Filter>
    </ClInclude>
    <ClInclude Include="C:\Users\user\Downloads\3_circlebounds_practice (2)\Source\Runtime\Math\Public\Vector3.h">
      <Filter>Public</Filter>
    </ClInclude>
    <ClInclude Include="C:\Users\user\Downloads\3_circlebounds_practice (2)\Source\Runtime\Math\Public\Vector4.h">
      <Filter>Public</Filter>
    </ClInclude>
    <ClInclude Include="C:\Users\user\Downloads\3_circlebounds_practice (2)\Source\Runtime\Math\Public\Windows\WindowsPlatform.h">
      <Filter>Public\Windows</Filter>
    </ClInclude>
  </ItemGroup>
  <ItemGroup>
    <Filter Include="Private">
      <UniqueIdentifier>{366B1F0D-5CA0-37EE-8D79-F571936DD179}</UniqueIdentifier>
    </Filter>
    <Filter Include="Public">
      <UniqueIdentifier>{B025CA3C-9190-34A3-AA05-1DFE2C18F950}</UniqueIdentifier>
    </Filter>
    <Filter Include="Public\Windows">
      <UniqueIdentifier>{974EC920-A08F-397F-8543-AE0AB59BB552}</UniqueIdentifier>
    </Filter>
  </ItemGroup>
</Project>
